
Microsoft Visual Studio Solution File, Format Version 12.00
# Visual Studio 15
VisualStudioVersion = 15.0.26430.15
MinimumVisualStudioVersion = 10.0.40219.1
Project("{8BC9CEB8-8B4A-11D0-8D11-00A0C91BC942}") = "midas", "exe\midas\midas.vcxproj", "{F094776C-2557-421D-940C-E25BEE67AD26}"
	ProjectSection(ProjectDependencies) = postProject
		{6461CC1B-1DDB-4CBD-89EA-F22FFDC9DDAC} = {6461CC1B-1DDB-4CBD-89EA-F22FFDC9DDAC}
		{C480214D-B063-4125-ABA3-4635766F5CCE} = {C480214D-B063-4125-ABA3-4635766F5CCE}
	EndProjectSection
EndProject
Project("{8BC9CEB8-8B4A-11D0-8D11-00A0C91BC942}") = "twsif", "lib\twsif\twsif.vcxproj", "{6D1DBB96-F55B-4661-B60E-8C359A32FA14}"
	ProjectSection(ProjectDependencies) = postProject
		{6461CC1B-1DDB-4CBD-89EA-F22FFDC9DDAC} = {6461CC1B-1DDB-4CBD-89EA-F22FFDC9DDAC}
	EndProjectSection
EndProject
Project("{8BC9CEB8-8B4A-11D0-8D11-00A0C91BC942}") = "mlib", "lib\mlib\mlib.vcxproj", "{6461CC1B-1DDB-4CBD-89EA-F22FFDC9DDAC}"
EndProject
Project("{8BC9CEB8-8B4A-11D0-8D11-00A0C91BC942}") = "mlib_test", "test\mlib_test\mlib_test.vcxproj", "{415DF24C-4F66-4A49-98A7-12FF7BDB90F6}"
	ProjectSection(ProjectDependencies) = postProject
		{6461CC1B-1DDB-4CBD-89EA-F22FFDC9DDAC} = {6461CC1B-1DDB-4CBD-89EA-F22FFDC9DDAC}
	EndProjectSection
EndProject
Project("{8BC9CEB8-8B4A-11D0-8D11-00A0C91BC942}") = "twscli", "tools\twscli\twscli.vcxproj", "{97B35C41-94FA-41CD-891A-C8B1671C4320}"
	ProjectSection(ProjectDependencies) = postProject
		{6461CC1B-1DDB-4CBD-89EA-F22FFDC9DDAC} = {6461CC1B-1DDB-4CBD-89EA-F22FFDC9DDAC}
		{6D1DBB96-F55B-4661-B60E-8C359A32FA14} = {6D1DBB96-F55B-4661-B60E-8C359A32FA14}
	EndProjectSection
EndProject
Project("{8BC9CEB8-8B4A-11D0-8D11-00A0C91BC942}") = "mlpif", "lib\mlpif\mlpif.vcxproj", "{C480214D-B063-4125-ABA3-4635766F5CCE}"
EndProject
Global
	GlobalSection(SolutionConfigurationPlatforms) = preSolution
		Debug|x64 = Debug|x64
		Debug|x86 = Debug|x86
		Release|x64 = Release|x64
		Release|x86 = Release|x86
	EndGlobalSection
	GlobalSection(ProjectConfigurationPlatforms) = postSolution
		{F094776C-2557-421D-940C-E25BEE67AD26}.Debug|x64.ActiveCfg = Debug|x64
		{F094776C-2557-421D-940C-E25BEE67AD26}.Debug|x64.Build.0 = Debug|x64
		{F094776C-2557-421D-940C-E25BEE67AD26}.Debug|x86.ActiveCfg = Debug|Win32
		{F094776C-2557-421D-940C-E25BEE67AD26}.Debug|x86.Build.0 = Debug|Win32
		{F094776C-2557-421D-940C-E25BEE67AD26}.Release|x64.ActiveCfg = Release|x64
		{F094776C-2557-421D-940C-E25BEE67AD26}.Release|x64.Build.0 = Release|x64
		{F094776C-2557-421D-940C-E25BEE67AD26}.Release|x86.ActiveCfg = Release|Win32
		{F094776C-2557-421D-940C-E25BEE67AD26}.Release|x86.Build.0 = Release|Win32
		{6D1DBB96-F55B-4661-B60E-8C359A32FA14}.Debug|x64.ActiveCfg = Debug|x64
		{6D1DBB96-F55B-4661-B60E-8C359A32FA14}.Debug|x64.Build.0 = Debug|x64
		{6D1DBB96-F55B-4661-B60E-8C359A32FA14}.Debug|x86.ActiveCfg = Debug|Win32
		{6D1DBB96-F55B-4661-B60E-8C359A32FA14}.Debug|x86.Build.0 = Debug|Win32
		{6D1DBB96-F55B-4661-B60E-8C359A32FA14}.Release|x64.ActiveCfg = Release|x64
		{6D1DBB96-F55B-4661-B60E-8C359A32FA14}.Release|x64.Build.0 = Release|x64
		{6D1DBB96-F55B-4661-B60E-8C359A32FA14}.Release|x86.ActiveCfg = Release|Win32
		{6D1DBB96-F55B-4661-B60E-8C359A32FA14}.Release|x86.Build.0 = Release|Win32
		{6461CC1B-1DDB-4CBD-89EA-F22FFDC9DDAC}.Debug|x64.ActiveCfg = Debug|x64
		{6461CC1B-1DDB-4CBD-89EA-F22FFDC9DDAC}.Debug|x64.Build.0 = Debug|x64
		{6461CC1B-1DDB-4CBD-89EA-F22FFDC9DDAC}.Debug|x86.ActiveCfg = Debug|Win32
		{6461CC1B-1DDB-4CBD-89EA-F22FFDC9DDAC}.Debug|x86.Build.0 = Debug|Win32
		{6461CC1B-1DDB-4CBD-89EA-F22FFDC9DDAC}.Release|x64.ActiveCfg = Release|x64
		{6461CC1B-1DDB-4CBD-89EA-F22FFDC9DDAC}.Release|x64.Build.0 = Release|x64
		{6461CC1B-1DDB-4CBD-89EA-F22FFDC9DDAC}.Release|x86.ActiveCfg = Release|Win32
		{6461CC1B-1DDB-4CBD-89EA-F22FFDC9DDAC}.Release|x86.Build.0 = Release|Win32
		{415DF24C-4F66-4A49-98A7-12FF7BDB90F6}.Debug|x64.ActiveCfg = Debug|x64
		{415DF24C-4F66-4A49-98A7-12FF7BDB90F6}.Debug|x64.Build.0 = Debug|x64
		{415DF24C-4F66-4A49-98A7-12FF7BDB90F6}.Debug|x86.ActiveCfg = Debug|Win32
		{415DF24C-4F66-4A49-98A7-12FF7BDB90F6}.Debug|x86.Build.0 = Debug|Win32
		{415DF24C-4F66-4A49-98A7-12FF7BDB90F6}.Release|x64.ActiveCfg = Release|x64
		{415DF24C-4F66-4A49-98A7-12FF7BDB90F6}.Release|x64.Build.0 = Release|x64
		{415DF24C-4F66-4A49-98A7-12FF7BDB90F6}.Release|x86.ActiveCfg = Release|Win32
		{415DF24C-4F66-4A49-98A7-12FF7BDB90F6}.Release|x86.Build.0 = Release|Win32
		{97B35C41-94FA-41CD-891A-C8B1671C4320}.Debug|x64.ActiveCfg = Debug|x64
		{97B35C41-94FA-41CD-891A-C8B1671C4320}.Debug|x64.Build.0 = Debug|x64
		{97B35C41-94FA-41CD-891A-C8B1671C4320}.Debug|x86.ActiveCfg = Debug|Win32
		{97B35C41-94FA-41CD-891A-C8B1671C4320}.Debug|x86.Build.0 = Debug|Win32
		{97B35C41-94FA-41CD-891A-C8B1671C4320}.Release|x64.ActiveCfg = Release|x64
		{97B35C41-94FA-41CD-891A-C8B1671C4320}.Release|x64.Build.0 = Release|x64
		{97B35C41-94FA-41CD-891A-C8B1671C4320}.Release|x86.ActiveCfg = Release|Win32
		{97B35C41-94FA-41CD-891A-C8B1671C4320}.Release|x86.Build.0 = Release|Win32
		{C480214D-B063-4125-ABA3-4635766F5CCE}.Debug|x64.ActiveCfg = Debug|x64
		{C480214D-B063-4125-ABA3-4635766F5CCE}.Debug|x64.Build.0 = Debug|x64
		{C480214D-B063-4125-ABA3-4635766F5CCE}.Debug|x86.ActiveCfg = Debug|Win32
		{C480214D-B063-4125-ABA3-4635766F5CCE}.Debug|x86.Build.0 = Debug|Win32
		{C480214D-B063-4125-ABA3-4635766F5CCE}.Release|x64.ActiveCfg = Release|x64
		{C480214D-B063-4125-ABA3-4635766F5CCE}.Release|x64.Build.0 = Release|x64
		{C480214D-B063-4125-ABA3-4635766F5CCE}.Release|x86.ActiveCfg = Release|Win32
		{C480214D-B063-4125-ABA3-4635766F5CCE}.Release|x86.Build.0 = Release|Win32
	EndGlobalSection
	GlobalSection(SolutionProperties) = preSolution
		HideSolutionNode = FALSE
	EndGlobalSection
EndGlobal
